
Microsoft Visual Studio Solution File, Format Version 12.00
# Visual Studio Version 17
VisualStudioVersion = 17.3.32811.315
MinimumVisualStudioVersion = 10.0.40219.1
Project("{FAE04EC0-301F-11D3-BF4B-00C04F79EFBC}") = "CRUDDapper", "CRUDDapper\CRUDDapper.csproj", "{FC5DE9E5-9191-4771-93EE-5E63991E955B}"
EndProject
Global
	GlobalSection(SolutionConfigurationPlatforms) = preSolution
		Debug|Any CPU = Debug|Any CPU
		Release|Any CPU = Release|Any CPU
	EndGlobalSection
	GlobalSection(ProjectConfigurationPlatforms) = postSolution
		{FC5DE9E5-9191-4771-93EE-5E63991E955B}.Debug|Any CPU.ActiveCfg = Debug|Any CPU
		{FC5DE9E5-9191-4771-93EE-5E63991E955B}.Debug|Any CPU.Build.0 = Debug|Any CPU
		{FC5DE9E5-9191-4771-93EE-5E63991E955B}.Release|Any CPU.ActiveCfg = Release|Any CPU
		{FC5DE9E5-9191-4771-93EE-5E63991E955B}.Release|Any CPU.Build.0 = Release|Any CPU
	EndGlobalSection
	GlobalSection(SolutionProperties) = preSolution
		HideSolutionNode = FALSE
	EndGlobalSection
	GlobalSection(ExtensibilityGlobals) = postSolution
		SolutionGuid = {F10ED567-8126-4768-8920-BB5CBC4C4638}
	EndGlobalSection
EndGlobal
